
Microsoft Visual Studio Solution File, Format Version 12.00
# Visual Studio Version 16
VisualStudioVersion = 16.0.31515.178
MinimumVisualStudioVersion = 10.0.40219.1
Project("{FAE04EC0-301F-11D3-BF4B-00C04F79EFBC}") = "StringSelect", "StringSelect.csproj", "{D67794A1-0979-46BE-9CB0-9F278CD57AF1}"
EndProject
Global
	GlobalSection(SolutionConfigurationPlatforms) = preSolution
		Debug|Any CPU = Debug|Any CPU
		Release|Any CPU = Release|Any CPU
	EndGlobalSection
	GlobalSection(ProjectConfigurationPlatforms) = postSolution
		{D67794A1-0979-46BE-9CB0-9F278CD57AF1}.Debug|Any CPU.ActiveCfg = Debug|Any CPU
		{D67794A1-0979-46BE-9CB0-9F278CD57AF1}.Debug|Any CPU.Build.0 = Debug|Any CPU
		{D67794A1-0979-46BE-9CB0-9F278CD57AF1}.Release|Any CPU.ActiveCfg = Release|Any CPU
		{D67794A1-0979-46BE-9CB0-9F278CD57AF1}.Release|Any CPU.Build.0 = Release|Any CPU
	EndGlobalSection
	GlobalSection(SolutionProperties) = preSolution
		HideSolutionNode = FALSE
	EndGlobalSection
	GlobalSection(ExtensibilityGlobals) = postSolution
		SolutionGuid = {BE099D40-420B-4D11-B771-D8D0430BB491}
	EndGlobalSection
EndGlobal
